// !$*UTF8*$!
{
	archiveVersion = 1;
	classes = {
	};
	objectVersion = 46;
	objects = {

/* Begin PBXBuildFile section */
		B1655A7C1CE4CFA200A98294 /* main.m in Sources */ = {isa = PBXBuildFile; fileRef = B1655A7B1CE4CFA200A98294 /* main.m */; };
		B1655A7F1CE4CFA200A98294 /* AppDelegate.m in Sources */ = {isa = PBXBuildFile; fileRef = B1655A7E1CE4CFA200A98294 /* AppDelegate.m */; };
		B1655A821CE4CFA200A98294 /* ViewController.m in Sources */ = {isa = PBXBuildFile; fileRef = B1655A811CE4CFA200A98294 /* ViewController.m */; };
		B1655A851CE4CFA200A98294 /* Main.storyboard in Resources */ = {isa = PBXBuildFile; fileRef = B1655A831CE4CFA200A98294 /* Main.storyboard */; };
		B1655A871CE4CFA200A98294 /* Assets.xcassets in Resources */ = {isa = PBXBuildFile; fileRef = B1655A861CE4CFA200A98294 /* Assets.xcassets */; };
		B1655A8A1CE4CFA200A98294 /* LaunchScreen.storyboard in Resources */ = {isa = PBXBuildFile; fileRef = B1655A881CE4CFA200A98294 /* LaunchScreen.storyboard */; };
		B1655A921CE4D1B300A98294 /* helloXcode.html in Resources */ = {isa = PBXBuildFile; fileRef = B1655A911CE4D1B300A98294 /* helloXcode.html */; };
		B1655A941CE4D1BC00A98294 /* helloXcode.hyperesources in Resources */ = {isa = PBXBuildFile; fileRef = B1655A931CE4D1BC00A98294 /* helloXcode.hyperesources */; };
/* End PBXBuildFile section */

/* Begin PBXFileReference section */
		B1655A771CE4CFA200A98294 /* Hype2XcodeTemplate.app */ = {isa = PBXFileReference; explicitFileType = wrapper.application; includeInIndex = 0; path = Hype2XcodeTemplate.app; sourceTree = BUILT_PRODUCTS_DIR; };
		B1655A7B1CE4CFA200A98294 /* main.m */ = {isa = PBXFileReference; lastKnownFileType = sourcecode.c.objc; path = main.m; sourceTree = "<group>"; };
		B1655A7D1CE4CFA200A98294 /* AppDelegate.h */ = {isa = PBXFileReference; lastKnownFileType = sourcecode.c.h; path = AppDelegate.h; sourceTree = "<group>"; };
		B1655A7E1CE4CFA200A98294 /* AppDelegate.m */ = {isa = PBXFileReference; lastKnownFileType = sourcecode.c.objc; path = AppDelegate.m; sourceTree = "<group>"; };
		B1655A801CE4CFA200A98294 /* ViewController.h */ = {isa = PBXFileReference; lastKnownFileType = sourcecode.c.h; path = ViewController.h; sourceTree = "<group>"; };
		B1655A811CE4CFA200A98294 /* ViewController.m */ = {isa = PBXFileReference; lastKnownFileType = sourcecode.c.objc; path = ViewController.m; sourceTree = "<group>"; };
		B1655A841CE4CFA200A98294 /* Base */ = {isa = PBXFileReference; lastKnownFileType = file.storyboard; name = Base; path = Base.lproj/Main.storyboard; sourceTree = "<group>"; };
		B1655A861CE4CFA200A98294 /* Assets.xcassets */ = {isa = PBXFileReference; lastKnownFileType = folder.assetcatalog; path = Assets.xcassets; sourceTree = "<group>"; };
		B1655A891CE4CFA200A98294 /* Base */ = {isa = PBXFileReference; lastKnownFileType = file.storyboard; name = Base; path = Base.lproj/LaunchScreen.storyboard; sourceTree = "<group>"; };
		B1655A8B1CE4CFA200A98294 /* Info.plist */ = {isa = PBXFileReference; lastKnownFileType = text.plist.xml; path = Info.plist; sourceTree = "<group>"; };
		B1655A911CE4D1B300A98294 /* helloXcode.html */ = {isa = PBXFileReference; fileEncoding = 4; lastKnownFileType = text.html; path = helloXcode.html; sourceTree = "<group>"; };
		B1655A931CE4D1BC00A98294 /* helloXcode.hyperesources */ = {isa = PBXFileReference; lastKnownFileType = folder; path = helloXcode.hyperesources; sourceTree = "<group>"; };
/* End PBXFileReference section */

/* Begin PBXFrameworksBuildPhase section */
		B1655A741CE4CFA200A98294 /* Frameworks */ = {
			isa = PBXFrameworksBuildPhase;
			buildActionMask = 2147483647;
			files = (
			);
			runOnlyForDeploymentPostprocessing = 0;
		};
/* End PBXFrameworksBuildPhase section */

/* Begin PBXGroup section */
		B1655A6E1CE4CFA200A98294 = {
			isa = PBXGroup;
			children = (
				B1655A791CE4CFA200A98294 /* Hype2XcodeTemplate */,
				B1655A781CE4CFA200A98294 /* Products */,
			);
			sourceTree = "<group>";
		};
		B1655A781CE4CFA200A98294 /* Products */ = {
			isa = PBXGroup;
			children = (
				B1655A771CE4CFA200A98294 /* Hype2XcodeTemplate.app */,
			);
			name = Products;
			sourceTree = "<group>";
		};
		B1655A791CE4CFA200A98294 /* Hype2XcodeTemplate */ = {
			isa = PBXGroup;
			children = (
				B1655A7D1CE4CFA200A98294 /* AppDelegate.h */,
				B1655A7E1CE4CFA200A98294 /* AppDelegate.m */,
				B1655A801CE4CFA200A98294 /* ViewController.h */,
				B1655A811CE4CFA200A98294 /* ViewController.m */,
				B1655A831CE4CFA200A98294 /* Main.storyboard */,
				B1655A861CE4CFA200A98294 /* Assets.xcassets */,
				B1655A881CE4CFA200A98294 /* LaunchScreen.storyboard */,
				B1655A8B1CE4CFA200A98294 /* Info.plist */,
				B1655A7A1CE4CFA200A98294 /* Supporting Files */,
			);
			path = Hype2XcodeTemplate;
			sourceTree = "<group>";
		};
		B1655A7A1CE4CFA200A98294 /* Supporting Files */ = {
			isa = PBXGroup;
			children = (
				B1655A931CE4D1BC00A98294 /* helloXcode.hyperesources */,
				B1655A911CE4D1B300A98294 /* helloXcode.html */,
				B1655A7B1CE4CFA200A98294 /* main.m */,
			);
			name = "Supporting Files";
			sourceTree = "<group>";
		};
/* End PBXGroup section */

/* Begin PBXNativeTarget section */
		B1655A761CE4CFA200A98294 /* Hype2XcodeTemplate */ = {
			isa = PBXNativeTarget;
			buildConfigurationList = B1655A8E1CE4CFA200A98294 /* Build configuration list for PBXNativeTarget "Hype2XcodeTemplate" */;
			buildPhases = (
				B1655A731CE4CFA200A98294 /* Sources */,
				B1655A741CE4CFA200A98294 /* Frameworks */,
				B1655A751CE4CFA200A98294 /* Resources */,
			);
			buildRules = (
			);
			dependencies = (
			);
			name = Hype2XcodeTemplate;
			productName = Hype2XcodeTemplate;
			productReference = B1655A771CE4CFA200A98294 /* Hype2XcodeTemplate.app */;
			productType = "com.apple.product-type.application";
		};
/* End PBXNativeTarget section */

/* Begin PBXProject section */
		B1655A6F1CE4CFA200A98294 /* Project object */ = {
			isa = PBXProject;
			attributes = {
				LastUpgradeCheck = 0730;
				ORGANIZATIONNAME = "nick gressle illustrations LLC";
				TargetAttributes = {
					B1655A761CE4CFA200A98294 = {
						CreatedOnToolsVersion = 7.3;
					};
				};
			};
			buildConfigurationList = B1655A721CE4CFA200A98294 /* Build configuration list for PBXProject "Hype2XcodeTemplate" */;
			compatibilityVersion = "Xcode 3.2";
			developmentRegion = English;
			hasScannedForEncodings = 0;
			knownRegions = (
				en,
				Base,
			);
			mainGroup = B1655A6E1CE4CFA200A98294;
			productRefGroup = B1655A781CE4CFA200A98294 /* Products */;
			projectDirPath = "";
			projectRoot = "";
			targets = (
				B1655A761CE4CFA200A98294 /* Hype2XcodeTemplate */,
			);
		};
/* End PBXProject section */

/* Begin PBXResourcesBuildPhase section */
		B1655A751CE4CFA200A98294 /* Resources */ = {
			isa = PBXResourcesBuildPhase;
			buildActionMask = 2147483647;
			files = (
				B1655A8A1CE4CFA200A98294 /* LaunchScreen.storyboard in Resources */,
				B1655A941CE4D1BC00A98294 /* helloXcode.hyperesources in Resources */,
				B1655A921CE4D1B300A98294 /* helloXcode.html in Resources */,
				B1655A871CE4CFA200A98294 /* Assets.xcassets in Resources */,
				B1655A851CE4CFA200A98294 /* Main.storyboard in Resources */,
			);
			runOnlyForDeploymentPostprocessing = 0;
		};
/* End PBXResourcesBuildPhase section */

/* Begin PBXSourcesBuildPhase section */
		B1655A731CE4CFA200A98294 /* Sources */ = {
			isa = PBXSourcesBuildPhase;
			buildActionMask = 2147483647;
			files = (
				B1655A821CE4CFA200A98294 /* ViewController.m in Sources */,
				B1655A7F1CE4CFA200A98294 /* AppDelegate.m in Sources */,
				B1655A7C1CE4CFA200A98294 /* main.m in Sources */,
			);
			runOnlyForDeploymentPostprocessing = 0;
		};
/* End PBXSourcesBuildPhase section */

/* Begin PBXVariantGroup section */
		B1655A831CE4CFA200A98294 /* Main.storyboard */ = {
			isa = PBXVariantGroup;
			children = (
				B1655A841CE4CFA200A98294 /* Base */,
			);
			name = Main.storyboard;
			sourceTree = "<group>";
		};
		B1655A881CE4CFA200A98294 /* LaunchScreen.storyboard */ = {
			isa = PBXVariantGroup;
			children = (
				B1655A891CE4CFA200A98294 /* Base */,
			);
			name = LaunchScreen.storyboard;
			sourceTree = "<group>";
		};
/* End PBXVariantGroup section */

/* Begin XCBuildConfiguration section */
		B1655A8C1CE4CFA200A98294 /* Debug */ = {
			isa = XCBuildConfiguration;
			buildSettings = {
				ALWAYS_SEARCH_USER_PATHS = NO;
				CLANG_ANALYZER_NONNULL = YES;
				CLANG_CXX_LANGUAGE_STANDARD = "gnu++0x";
				CLANG_CXX_LIBRARY = "libc++";
				CLANG_ENABLE_MODULES = YES;
				CLANG_ENABLE_OBJC_ARC = YES;
				CLANG_WARN_BOOL_CONVERSION = YES;
				CLANG_WARN_CONSTANT_CONVERSION = YES;
				CLANG_WARN_DIRECT_OBJC_ISA_USAGE = YES_ERROR;
				CLANG_WARN_EMPTY_BODY = YES;
				CLANG_WARN_ENUM_CONVERSION = YES;
				CLANG_WARN_INT_CONVERSION = YES;
				CLANG_WARN_OBJC_ROOT_CLASS = YES_ERROR;
				CLANG_WARN_UNREACHABLE_CODE = YES;
				CLANG_WARN__DUPLICATE_METHOD_MATCH = YES;
				"CODE_SIGN_IDENTITY[sdk=iphoneos*]" = "iPhone Developer";
				COPY_PHASE_STRIP = NO;
				DEBUG_INFORMATION_FORMAT = dwarf;
				ENABLE_STRICT_OBJC_MSGSEND = YES;
				ENABLE_TESTABILITY = YES;
				GCC_C_LANGUAGE_STANDARD = gnu99;
				GCC_DYNAMIC_NO_PIC = NO;
				GCC_NO_COMMON_BLOCKS = YES;
				GCC_OPTIMIZATION_LEVEL = 0;
				GCC_PREPROCESSOR_DEFINITIONS = (
					"DEBUG=1",
					"$(inherited)",
				);
				GCC_WARN_64_TO_32_BIT_CONVERSION = YES;
				GCC_WARN_ABOUT_RETURN_TYPE = YES_ERROR;
				GCC_WARN_UNDECLARED_SELECTOR = YES;
				GCC_WARN_UNINITIALIZED_AUTOS = YES_AGGRESSIVE;
				GCC_WARN_UNUSED_FUNCTION = YES;
				GCC_WARN_UNUSED_VARIABLE = YES;
				IPHONEOS_DEPLOYMENT_TARGET = 9.3;
				MTL_ENABLE_DEBUG_INFO = YES;
				ONLY_ACTIVE_ARCH = YES;
				SDKROOT = iphoneos;
				TARGETED_DEVICE_FAMILY = "1,2";
			};
			name = Debug;
		};
		B1655A8D1CE4CFA200A98294 /* Release */ = {
			isa = XCBuildConfiguration;
			buildSettings = {
				ALWAYS_SEARCH_USER_PATHS = NO;
				CLANG_ANALYZER_NONNULL = YES;
				CLANG_CXX_LANGUAGE_STANDARD = "gnu++0x";
				CLANG_CXX_LIBRARY = "libc++";
				CLANG_ENABLE_MODULES = YES;
				CLANG_ENABLE_OBJC_ARC = YES;
				CLANG_WARN_BOOL_CONVERSION = YES;
				CLANG_WARN_CONSTANT_CONVERSION = YES;
				CLANG_WARN_DIRECT_OBJC_ISA_USAGE = YES_ERROR;
				CLANG_WARN_EMPTY_BODY = YES;
				CLANG_WARN_ENUM_CONVERSION = YES;
				CLANG_WARN_INT_CONVERSION = YES;
				CLANG_WARN_OBJC_ROOT_CLASS = YES_ERROR;
				CLANG_WARN_UNREACHABLE_CODE = YES;
				CLANG_WARN__DUPLICATE_METHOD_MATCH = YES;
				"CODE_SIGN_IDENTITY[sdk=iphoneos*]" = "iPhone Developer";
				COPY_PHASE_STRIP = NO;
				DEBUG_INFORMATION_FORMAT = "dwarf-with-dsym";
				ENABLE_NS_ASSERTIONS = NO;
				ENABLE_STRICT_OBJC_MSGSEND = YES;
				GCC_C_LANGUAGE_STANDARD = gnu99;
				GCC_NO_COMMON_BLOCKS = YES;
				GCC_WARN_64_TO_32_BIT_CONVERSION = YES;
				GCC_WARN_ABOUT_RETURN_TYPE = YES_ERROR;
				GCC_WARN_UNDECLARED_SELECTOR = YES;
				GCC_WARN_UNINITIALIZED_AUTOS = YES_AGGRESSIVE;
				GCC_WARN_UNUSED_FUNCTION = YES;
				GCC_WARN_UNUSED_VARIABLE = YES;
				IPHONEOS_DEPLOYMENT_TARGET = 9.3;
				MTL_ENABLE_DEBUG_INFO = NO;
				SDKROOT = iphoneos;
				TARGETED_DEVICE_FAMILY = "1,2";
				VALIDATE_PRODUCT = YES;
			};
			name = Release;
		};
		B1655A8F1CE4CFA200A98294 /* Debug */ = {
			isa = XCBuildConfiguration;
			buildSettings = {
				ASSETCATALOG_COMPILER_APPICON_NAME = AppIcon;
				INFOPLIST_FILE = Hype2XcodeTemplate/Info.plist;
				LD_RUNPATH_SEARCH_PATHS = "$(inherited) @executable_path/Frameworks";
				PRODUCT_BUNDLE_IDENTIFIER = com.gressle..Hype2XcodeTemplate;
				PRODUCT_NAME = "$(TARGET_NAME)";
			};
			name = Debug;
		};
		B1655A901CE4CFA200A98294 /* Release */ = {
			isa = XCBuildConfiguration;
			buildSettings = {
				ASSETCATALOG_COMPILER_APPICON_NAME = AppIcon;
				INFOPLIST_FILE = Hype2XcodeTemplate/Info.plist;
				LD_RUNPATH_SEARCH_PATHS = "$(inherited) @executable_path/Frameworks";
				PRODUCT_BUNDLE_IDENTIFIER = com.gressle..Hype2XcodeTemplate;
				PRODUCT_NAME = "$(TARGET_NAME)";
			};
			name = Release;
		};
/* End XCBuildConfiguration section */

/* Begin XCConfigurationList section */
		B1655A721CE4CFA200A98294 /* Build configuration list for PBXProject "Hype2XcodeTemplate" */ = {
			isa = XCConfigurationList;
			buildConfigurations = (
				B1655A8C1CE4CFA200A98294 /* Debug */,
				B1655A8D1CE4CFA200A98294 /* Release */,
			);
			defaultConfigurationIsVisible = 0;
			defaultConfigurationName = Release;
		};
		B1655A8E1CE4CFA200A98294 /* Build configuration list for PBXNativeTarget "Hype2XcodeTemplate" */ = {
			isa = XCConfigurationList;
			buildConfigurations = (
				B1655A8F1CE4CFA200A98294 /* Debug */,
				B1655A901CE4CFA200A98294 /* Release */,
			);
			defaultConfigurationIsVisible = 0;
		};
/* End XCConfigurationList section */
	};
	rootObject = B1655A6F1CE4CFA200A98294 /* Project object */;
}
